
Microsoft Visual Studio Solution File, Format Version 12.00
# Visual Studio Version 17
VisualStudioVersion = 17.11.35303.130
MinimumVisualStudioVersion = 10.0.40219.1
Project("{FAE04EC0-301F-11D3-BF4B-00C04F79EFBC}") = "GRVendas", "GRVendas.csproj", "{2AA9BF16-3F7C-4572-A610-BCF59CEBAC0D}"
EndProject
Global
	GlobalSection(SolutionConfigurationPlatforms) = preSolution
		Debug|Any CPU = Debug|Any CPU
		Release|Any CPU = Release|Any CPU
	EndGlobalSection
	GlobalSection(ProjectConfigurationPlatforms) = postSolution
		{2AA9BF16-3F7C-4572-A610-BCF59CEBAC0D}.Debug|Any CPU.ActiveCfg = Debug|Any CPU
		{2AA9BF16-3F7C-4572-A610-BCF59CEBAC0D}.Debug|Any CPU.Build.0 = Debug|Any CPU
		{2AA9BF16-3F7C-4572-A610-BCF59CEBAC0D}.Release|Any CPU.ActiveCfg = Release|Any CPU
		{2AA9BF16-3F7C-4572-A610-BCF59CEBAC0D}.Release|Any CPU.Build.0 = Release|Any CPU
	EndGlobalSection
	GlobalSection(SolutionProperties) = preSolution
		HideSolutionNode = FALSE
	EndGlobalSection
	GlobalSection(ExtensibilityGlobals) = postSolution
		SolutionGuid = {B5C0515F-015E-465D-9EC3-AC35BA5A472C}
	EndGlobalSection
EndGlobal
